
Microsoft Visual Studio Solution File, Format Version 12.00
# Visual Studio 2012
Project("{FAE04EC0-301F-11D3-BF4B-00C04F79EFBC}") = "HelloWorld", "HelloWorld\HelloWorld.csproj", "{FB050320-3C33-4B7E-92E3-4D7FA79DA3D0}"
EndProject
Project("{FAE04EC0-301F-11D3-BF4B-00C04F79EFBC}") = "HelloWorld.iOS", "iOS\HelloWorld.iOS.csproj", "{BA3BA026-0038-447F-A776-1BE152A96D5E}"
EndProject
Project("{FAE04EC0-301F-11D3-BF4B-00C04F79EFBC}") = "HelloWorld.Droid", "Droid\HelloWorld.Droid.csproj", "{C7D80149-82E5-4889-972F-4F52C2E0348F}"
EndProject
Global
	GlobalSection(SolutionConfigurationPlatforms) = preSolution
		Debug|Any CPU = Debug|Any CPU
		Release|Any CPU = Release|Any CPU
		Debug|iPhoneSimulator = Debug|iPhoneSimulator
		Release|iPhone = Release|iPhone
		Release|iPhoneSimulator = Release|iPhoneSimulator
		Debug|iPhone = Debug|iPhone
	EndGlobalSection
	GlobalSection(ProjectConfigurationPlatforms) = postSolution
		{FB050320-3C33-4B7E-92E3-4D7FA79DA3D0}.Debug|Any CPU.ActiveCfg = Debug|Any CPU
		{FB050320-3C33-4B7E-92E3-4D7FA79DA3D0}.Debug|Any CPU.Build.0 = Debug|Any CPU
		{FB050320-3C33-4B7E-92E3-4D7FA79DA3D0}.Release|Any CPU.ActiveCfg = Release|Any CPU
		{FB050320-3C33-4B7E-92E3-4D7FA79DA3D0}.Release|Any CPU.Build.0 = Release|Any CPU
		{FB050320-3C33-4B7E-92E3-4D7FA79DA3D0}.Debug|iPhoneSimulator.ActiveCfg = Debug|Any CPU
		{FB050320-3C33-4B7E-92E3-4D7FA79DA3D0}.Debug|iPhoneSimulator.Build.0 = Debug|Any CPU
		{FB050320-3C33-4B7E-92E3-4D7FA79DA3D0}.Release|iPhone.ActiveCfg = Release|Any CPU
		{FB050320-3C33-4B7E-92E3-4D7FA79DA3D0}.Release|iPhone.Build.0 = Release|Any CPU
		{FB050320-3C33-4B7E-92E3-4D7FA79DA3D0}.Release|iPhoneSimulator.ActiveCfg = Release|Any CPU
		{FB050320-3C33-4B7E-92E3-4D7FA79DA3D0}.Release|iPhoneSimulator.Build.0 = Release|Any CPU
		{FB050320-3C33-4B7E-92E3-4D7FA79DA3D0}.Debug|iPhone.ActiveCfg = Debug|Any CPU
		{FB050320-3C33-4B7E-92E3-4D7FA79DA3D0}.Debug|iPhone.Build.0 = Debug|Any CPU
		{BA3BA026-0038-447F-A776-1BE152A96D5E}.Debug|Any CPU.ActiveCfg = Debug|iPhoneSimulator
		{BA3BA026-0038-447F-A776-1BE152A96D5E}.Debug|Any CPU.Build.0 = Debug|iPhoneSimulator
		{BA3BA026-0038-447F-A776-1BE152A96D5E}.Release|Any CPU.ActiveCfg = Release|iPhone
		{BA3BA026-0038-447F-A776-1BE152A96D5E}.Release|Any CPU.Build.0 = Release|iPhone
		{BA3BA026-0038-447F-A776-1BE152A96D5E}.Debug|iPhoneSimulator.ActiveCfg = Debug|iPhoneSimulator
		{BA3BA026-0038-447F-A776-1BE152A96D5E}.Debug|iPhoneSimulator.Build.0 = Debug|iPhoneSimulator
		{BA3BA026-0038-447F-A776-1BE152A96D5E}.Release|iPhone.ActiveCfg = Release|iPhone
		{BA3BA026-0038-447F-A776-1BE152A96D5E}.Release|iPhone.Build.0 = Release|iPhone
		{BA3BA026-0038-447F-A776-1BE152A96D5E}.Release|iPhoneSimulator.ActiveCfg = Release|iPhoneSimulator
		{BA3BA026-0038-447F-A776-1BE152A96D5E}.Release|iPhoneSimulator.Build.0 = Release|iPhoneSimulator
		{BA3BA026-0038-447F-A776-1BE152A96D5E}.Debug|iPhone.ActiveCfg = Debug|iPhone
		{BA3BA026-0038-447F-A776-1BE152A96D5E}.Debug|iPhone.Build.0 = Debug|iPhone
		{C7D80149-82E5-4889-972F-4F52C2E0348F}.Debug|Any CPU.ActiveCfg = Debug|Any CPU
		{C7D80149-82E5-4889-972F-4F52C2E0348F}.Debug|Any CPU.Build.0 = Debug|Any CPU
		{C7D80149-82E5-4889-972F-4F52C2E0348F}.Release|Any CPU.ActiveCfg = Release|Any CPU
		{C7D80149-82E5-4889-972F-4F52C2E0348F}.Release|Any CPU.Build.0 = Release|Any CPU
		{C7D80149-82E5-4889-972F-4F52C2E0348F}.Debug|iPhoneSimulator.ActiveCfg = Debug|Any CPU
		{C7D80149-82E5-4889-972F-4F52C2E0348F}.Debug|iPhoneSimulator.Build.0 = Debug|Any CPU
		{C7D80149-82E5-4889-972F-4F52C2E0348F}.Release|iPhone.ActiveCfg = Release|Any CPU
		{C7D80149-82E5-4889-972F-4F52C2E0348F}.Release|iPhone.Build.0 = Release|Any CPU
		{C7D80149-82E5-4889-972F-4F52C2E0348F}.Release|iPhoneSimulator.ActiveCfg = Release|Any CPU
		{C7D80149-82E5-4889-972F-4F52C2E0348F}.Release|iPhoneSimulator.Build.0 = Release|Any CPU
		{C7D80149-82E5-4889-972F-4F52C2E0348F}.Debug|iPhone.ActiveCfg = Debug|Any CPU
		{C7D80149-82E5-4889-972F-4F52C2E0348F}.Debug|iPhone.Build.0 = Debug|Any CPU
	EndGlobalSection
EndGlobal
